# THIS IS AN AUTOGENERATED FILE. DO NOT EDIT THIS FILE DIRECTLY.
# yarn lockfile v1


"@babel/parser@^7.15.0":
  version "7.15.7"
  resolved "https://registry.nlark.com/@babel/parser/download/@babel/parser-7.15.7.tgz#0c3ed4a2eb07b165dfa85b3cc45c727334c4edae"
  integrity sha1-DD7UousHsWXfqFs8xFxyczTE7a4=

"@gem-mine/rollup-chain@^0.1.1":
  version "0.1.1"
  resolved "https://registry.nlark.com/@gem-mine/rollup-chain/download/@gem-mine/rollup-chain-0.1.1.tgz#beb14bf75cbdedbf61e029c3b5f886a849360bac"
  integrity sha1-vrFL91y97b9h4CnDtfiGqEk2C6w=
  dependencies:
    deepmerge "^4.2.2"
    javascript-stringify "^2.0.1"

"@rollup/plugin-node-resolve@^13.0.5":
  version "13.0.5"
  resolved "https://registry.nlark.com/@rollup/plugin-node-resolve/download/@rollup/plugin-node-resolve-13.0.5.tgz?cache=0&sync_timestamp=1632260512434&other_urls=https%3A%2F%2Fregistry.nlark.com%2F%40rollup%2Fplugin-node-resolve%2Fdownload%2F%40rollup%2Fplugin-node-resolve-13.0.5.tgz#016abe58796a4ff544d6beac7818921e3d3777fc"
  integrity sha1-AWq+WHlqT/VE1r6seBiSHj03d/w=
  dependencies:
    "@rollup/pluginutils" "^3.1.0"
    "@types/resolve" "1.17.1"
    builtin-modules "^3.1.0"
    deepmerge "^4.2.2"
    is-module "^1.0.0"
    resolve "^1.19.0"

"@rollup/plugin-run@^2.1.0":
  version "2.1.0"
  resolved "https://registry.npmmirror.com/@rollup/plugin-run/download/@rollup/plugin-run-2.1.0.tgz#688f7c588a9215f30845799f754b2b49a5703ac6"
  integrity sha1-aI98WIqSFfMIRXmfdUsrSaVwOsY=
  dependencies:
    "@types/node" "14.0.26"

"@rollup/pluginutils@^3.1.0":
  version "3.1.0"
  resolved "https://registry.nlark.com/@rollup/pluginutils/download/@rollup/pluginutils-3.1.0.tgz#706b4524ee6dc8b103b3c995533e5ad680c02b9b"
  integrity sha1-cGtFJO5tyLEDs8mVUz5a1oDAK5s=
  dependencies:
    "@types/estree" "0.0.39"
    estree-walker "^1.0.1"
    picomatch "^2.2.2"

"@types/estree@0.0.39":
  version "0.0.39"
  resolved "https://registry.nlark.com/@types/estree/download/@types/estree-0.0.39.tgz#e177e699ee1b8c22d23174caaa7422644389509f"
  integrity sha1-4Xfmme4bjCLSMXTKqnQiZEOJUJ8=

"@types/node@*":
  version "16.9.6"
  resolved "https://registry.nlark.com/@types/node/download/@types/node-16.9.6.tgz?cache=0&sync_timestamp=1632251113916&other_urls=https%3A%2F%2Fregistry.nlark.com%2F%40types%2Fnode%2Fdownload%2F%40types%2Fnode-16.9.6.tgz#040a64d7faf9e5d9e940357125f0963012e66f04"
  integrity sha1-BApk1/r55dnpQDVxJfCWMBLmbwQ=

"@types/node@14.0.26":
  version "14.0.26"
  resolved "https://registry.nlark.com/@types/node/download/@types/node-14.0.26.tgz?cache=0&sync_timestamp=1632251113916&other_urls=https%3A%2F%2Fregistry.nlark.com%2F%40types%2Fnode%2Fdownload%2F%40types%2Fnode-14.0.26.tgz#22a3b8a46510da8944b67bfc27df02c34a35331c"
  integrity sha1-IqO4pGUQ2olEtnv8J98Cw0o1Mxw=

"@types/resolve@1.17.1":
  version "1.17.1"
  resolved "https://registry.nlark.com/@types/resolve/download/@types/resolve-1.17.1.tgz?cache=0&sync_timestamp=1629709126008&other_urls=https%3A%2F%2Fregistry.nlark.com%2F%40types%2Fresolve%2Fdownload%2F%40types%2Fresolve-1.17.1.tgz#3afd6ad8967c77e4376c598a82ddd58f46ec45d6"
  integrity sha1-Ov1q2JZ8d+Q3bFmKgt3Vj0bsRdY=
  dependencies:
    "@types/node" "*"

"@vue/compiler-core@3.2.13":
  version "3.2.13"
  resolved "https://registry.nlark.com/@vue/compiler-core/download/@vue/compiler-core-3.2.13.tgz#901268088b98a53c43be0f02bfa0e3a389ad6bf4"
  integrity sha1-kBJoCIuYpTxDvg8Cv6Djo4mta/Q=
  dependencies:
    "@babel/parser" "^7.15.0"
    "@vue/shared" "3.2.13"
    estree-walker "^2.0.2"
    source-map "^0.6.1"

"@vue/compiler-dom@3.2.13", "@vue/compiler-dom@^3.0.2":
  version "3.2.13"
  resolved "https://registry.nlark.com/@vue/compiler-dom/download/@vue/compiler-dom-3.2.13.tgz#028982494fb9d97807d5275b42355732686f8ed7"
  integrity sha1-AomCSU+52XgH1SdbQjVXMmhvjtc=
  dependencies:
    "@vue/compiler-core" "3.2.13"
    "@vue/shared" "3.2.13"

"@vue/compiler-sfc@^3.2.13":
  version "3.2.13"
  resolved "https://registry.nlark.com/@vue/compiler-sfc/download/@vue/compiler-sfc-3.2.13.tgz#a38475048aad9c96cf04dfe635129b417e0f9295"
  integrity sha1-o4R1BIqtnJbPBN/mNRKbQX4PkpU=
  dependencies:
    "@babel/parser" "^7.15.0"
    "@vue/compiler-core" "3.2.13"
    "@vue/compiler-dom" "3.2.13"
    "@vue/compiler-ssr" "3.2.13"
    "@vue/ref-transform" "3.2.13"
    "@vue/shared" "3.2.13"
    estree-walker "^2.0.2"
    magic-string "^0.25.7"
    postcss "^8.1.10"
    source-map "^0.6.1"

"@vue/compiler-ssr@3.2.13":
  version "3.2.13"
  resolved "https://registry.nlark.com/@vue/compiler-ssr/download/@vue/compiler-ssr-3.2.13.tgz#98434672e0b488c2affa4b0570731d6be5cda187"
  integrity sha1-mENGcuC0iMKv+ksFcHMda+XNoYc=
  dependencies:
    "@vue/compiler-dom" "3.2.13"
    "@vue/shared" "3.2.13"

"@vue/ref-transform@3.2.13":
  version "3.2.13"
  resolved "https://registry.nlark.com/@vue/ref-transform/download/@vue/ref-transform-3.2.13.tgz#6adfce50d388cc03683d9d2ba58f3a3bde5166f4"
  integrity sha1-at/OUNOIzANoPZ0rpY86O95RZvQ=
  dependencies:
    "@babel/parser" "^7.15.0"
    "@vue/compiler-core" "3.2.13"
    "@vue/shared" "3.2.13"
    estree-walker "^2.0.2"
    magic-string "^0.25.7"

"@vue/shared@3.2.13":
  version "3.2.13"
  resolved "https://registry.nlark.com/@vue/shared/download/@vue/shared-3.2.13.tgz?cache=0&sync_timestamp=1632249364187&other_urls=https%3A%2F%2Fregistry.nlark.com%2F%40vue%2Fshared%2Fdownload%2F%40vue%2Fshared-3.2.13.tgz#c830ef966d7af12598e0ea862a55695ea589cd47"
  integrity sha1-yDDvlm168SWY4OqGKlVpXqWJzUc=

argparse@^1.0.7:
  version "1.0.10"
  resolved "https://registry.nlark.com/argparse/download/argparse-1.0.10.tgz#bcd6791ea5ae09725e17e5ad988134cd40b3d911"
  integrity sha1-vNZ5HqWuCXJeF+WtmIE0zUCz2RE=
  dependencies:
    sprintf-js "~1.0.2"

builtin-modules@^3.1.0:
  version "3.2.0"
  resolved "https://registry.nlark.com/builtin-modules/download/builtin-modules-3.2.0.tgz#45d5db99e7ee5e6bc4f362e008bf917ab5049887"
  integrity sha1-RdXbmefuXmvE82LgCL+RerUEmIc=

debug@^4.1.1:
  version "4.3.2"
  resolved "https://registry.nlark.com/debug/download/debug-4.3.2.tgz?cache=0&other_urls=https%3A%2F%2Fregistry.nlark.com%2Fdebug%2Fdownload%2Fdebug-4.3.2.tgz#f0a49c18ac8779e31d4a0c6029dfb76873c7428b"
  integrity sha1-8KScGKyHeeMdSgxgKd+3aHPHQos=
  dependencies:
    ms "2.1.2"

deepmerge@^1.5.2:
  version "1.5.2"
  resolved "https://registry.nlark.com/deepmerge/download/deepmerge-1.5.2.tgz?cache=0&sync_timestamp=1622025358084&other_urls=https%3A%2F%2Fregistry.nlark.com%2Fdeepmerge%2Fdownload%2Fdeepmerge-1.5.2.tgz#10499d868844cdad4fee0842df8c7f6f0c95a753"
  integrity sha1-EEmdhohEza1P7ghC34x/bwyVp1M=

deepmerge@^4.2.2:
  version "4.2.2"
  resolved "https://registry.nlark.com/deepmerge/download/deepmerge-4.2.2.tgz?cache=0&sync_timestamp=1622025358084&other_urls=https%3A%2F%2Fregistry.nlark.com%2Fdeepmerge%2Fdownload%2Fdeepmerge-4.2.2.tgz#44d2ea3679b8f4d4ffba33f03d865fc1e7bf4955"
  integrity sha1-RNLqNnm49NT/ujPwPYZfwee/SVU=

entities@~1.1.1:
  version "1.1.2"
  resolved "https://registry.nlark.com/entities/download/entities-1.1.2.tgz?cache=0&sync_timestamp=1628508126700&other_urls=https%3A%2F%2Fregistry.nlark.com%2Fentities%2Fdownload%2Fentities-1.1.2.tgz#bdfa735299664dfafd34529ed4f8522a275fea56"
  integrity sha1-vfpzUplmTfr9NFKe1PhSKidf6lY=

estree-walker@^0.6.1:
  version "0.6.1"
  resolved "https://registry.nlark.com/estree-walker/download/estree-walker-0.6.1.tgz#53049143f40c6eb918b23671d1fe3219f3a1b362"
  integrity sha1-UwSRQ/QMbrkYsjZx0f4yGfOhs2I=

estree-walker@^1.0.1:
  version "1.0.1"
  resolved "https://registry.nlark.com/estree-walker/download/estree-walker-1.0.1.tgz#31bc5d612c96b704106b477e6dd5d8aa138cb700"
  integrity sha1-MbxdYSyWtwQQa0d+bdXYqhOMtwA=

estree-walker@^2.0.2:
  version "2.0.2"
  resolved "https://registry.nlark.com/estree-walker/download/estree-walker-2.0.2.tgz#52f010178c2a4c117a7757cfe942adb7d2da4cac"
  integrity sha1-UvAQF4wqTBF6d1fP6UKtt9LaTKw=

fsevents@~2.3.2:
  version "2.3.2"
  resolved "https://registry.npm.taobao.org/fsevents/download/fsevents-2.3.2.tgz?cache=0&sync_timestamp=1612536409579&other_urls=https%3A%2F%2Fregistry.npm.taobao.org%2Ffsevents%2Fdownload%2Ffsevents-2.3.2.tgz#8a526f78b8fdf4623b709e0b975c52c24c02fd1a"
  integrity sha1-ilJveLj99GI7cJ4Ll1xSwkwC/Ro=

function-bind@^1.1.1:
  version "1.1.1"
  resolved "https://registry.npm.taobao.org/function-bind/download/function-bind-1.1.1.tgz#a56899d3ea3c9bab874bb9773b7c5ede92f4895d"
  integrity sha1-pWiZ0+o8m6uHS7l3O3xe3pL0iV0=

has@^1.0.3:
  version "1.0.3"
  resolved "https://registry.nlark.com/has/download/has-1.0.3.tgz#722d7cbfc1f6aa8241f16dd814e011e1f41e8796"
  integrity sha1-ci18v8H2qoJB8W3YFOAR4fQeh5Y=
  dependencies:
    function-bind "^1.1.1"

hash-sum@^2.0.0:
  version "2.0.0"
  resolved "https://registry.nlark.com/hash-sum/download/hash-sum-2.0.0.tgz#81d01bb5de8ea4a214ad5d6ead1b523460b0b45a"
  integrity sha1-gdAbtd6OpKIUrV1urRtSNGCwtFo=

highlight.js@^10.4.1:
  version "10.7.3"
  resolved "https://registry.nlark.com/highlight.js/download/highlight.js-10.7.3.tgz#697272e3991356e40c3cac566a74eef681756531"
  integrity sha1-aXJy45kTVuQMPKxWanTu9oF1ZTE=

is-core-module@^2.2.0:
  version "2.6.0"
  resolved "https://registry.nlark.com/is-core-module/download/is-core-module-2.6.0.tgz#d7553b2526fe59b92ba3e40c8df757ec8a709e19"
  integrity sha1-11U7JSb+Wbkro+QMjfdX7Ipwnhk=
  dependencies:
    has "^1.0.3"

is-module@^1.0.0:
  version "1.0.0"
  resolved "https://registry.nlark.com/is-module/download/is-module-1.0.0.tgz#3258fb69f78c14d5b815d664336b4cffb6441591"
  integrity sha1-Mlj7afeMFNW4FdZkM2tM/7ZEFZE=

javascript-stringify@^1.6.0:
  version "1.6.0"
  resolved "https://registry.nlark.com/javascript-stringify/download/javascript-stringify-1.6.0.tgz#142d111f3a6e3dae8f4a9afd77d45855b5a9cce3"
  integrity sha1-FC0RHzpuPa6PSpr9d9RYVbWpzOM=

javascript-stringify@^2.0.1:
  version "2.1.0"
  resolved "https://registry.nlark.com/javascript-stringify/download/javascript-stringify-2.1.0.tgz#27c76539be14d8bd128219a2d731b09337904e79"
  integrity sha1-J8dlOb4U2L0Sghmi1zGwkzeQTnk=

linkify-it@^2.0.0:
  version "2.2.0"
  resolved "https://registry.nlark.com/linkify-it/download/linkify-it-2.2.0.tgz#e3b54697e78bf915c70a38acd78fd09e0058b1cf"
  integrity sha1-47VGl+eL+RXHCjis14/QngBYsc8=
  dependencies:
    uc.micro "^1.0.1"

magic-string@^0.25.7:
  version "0.25.7"
  resolved "https://registry.nlark.com/magic-string/download/magic-string-0.25.7.tgz#3f497d6fd34c669c6798dcb821f2ef31f5445051"
  integrity sha1-P0l9b9NMZpxnmNy4IfLvMfVEUFE=
  dependencies:
    sourcemap-codec "^1.4.4"

markdown-it-chain@^1.3.0:
  version "1.3.0"
  resolved "https://registry.npm.taobao.org/markdown-it-chain/download/markdown-it-chain-1.3.0.tgz#ccf6fe86c10266bafb4e547380dfd7f277cc17bc"
  integrity sha1-zPb+hsECZrr7TlRzgN/X8nfMF7w=
  dependencies:
    webpack-chain "^4.9.0"

markdown-it-container@^2.0.0:
  version "2.0.0"
  resolved "https://registry.npm.taobao.org/markdown-it-container/download/markdown-it-container-2.0.0.tgz#0019b43fd02eefece2f1960a2895fba81a404695"
  integrity sha1-ABm0P9Au7+zi8ZYKKJX7qBpARpU=

markdown-it@^8.4.1:
  version "8.4.2"
  resolved "https://registry.nlark.com/markdown-it/download/markdown-it-8.4.2.tgz#386f98998dc15a37722aa7722084f4020bdd9b54"
  integrity sha1-OG+YmY3BWjdyKqdyIIT0Agvdm1Q=
  dependencies:
    argparse "^1.0.7"
    entities "~1.1.1"
    linkify-it "^2.0.0"
    mdurl "^1.0.1"
    uc.micro "^1.0.5"

mdurl@^1.0.1:
  version "1.0.1"
  resolved "https://registry.nlark.com/mdurl/download/mdurl-1.0.1.tgz#fe85b2ec75a59037f2adfec100fd6c601761152e"
  integrity sha1-/oWy7HWlkDfyrf7BAP1sYBdhFS4=

ms@2.1.2:
  version "2.1.2"
  resolved "https://registry.nlark.com/ms/download/ms-2.1.2.tgz#d09d1f357b443f493382a8eb3ccd183872ae6009"
  integrity sha1-0J0fNXtEP0kzgqjrPM0YOHKuYAk=

nanocolors@^0.1.5:
  version "0.1.6"
  resolved "https://registry.nlark.com/nanocolors/download/nanocolors-0.1.6.tgz?cache=0&sync_timestamp=1632297824236&other_urls=https%3A%2F%2Fregistry.nlark.com%2Fnanocolors%2Fdownload%2Fnanocolors-0.1.6.tgz#bc2350d3edfdbfadd7ac018c855ae7c13905a6ad"
  integrity sha1-vCNQ0+39v63XrAGMhVrnwTkFpq0=

nanoid@^3.1.25:
  version "3.1.25"
  resolved "https://registry.nlark.com/nanoid/download/nanoid-3.1.25.tgz#09ca32747c0e543f0e1814b7d3793477f9c8e152"
  integrity sha1-CcoydHwOVD8OGBS303k0d/nI4VI=

path-parse@^1.0.6:
  version "1.0.7"
  resolved "https://registry.nlark.com/path-parse/download/path-parse-1.0.7.tgz#fbc114b60ca42b30d9daf5858e4bd68bbedb6735"
  integrity sha1-+8EUtgykKzDZ2vWFjkvWi77bZzU=

picomatch@^2.2.2:
  version "2.3.0"
  resolved "https://registry.nlark.com/picomatch/download/picomatch-2.3.0.tgz?cache=0&other_urls=https%3A%2F%2Fregistry.nlark.com%2Fpicomatch%2Fdownload%2Fpicomatch-2.3.0.tgz#f1f061de8f6a4bf022892e2d128234fb98302972"
  integrity sha1-8fBh3o9qS/AiiS4tEoI0+5gwKXI=

postcss@^8.1.10:
  version "8.3.7"
  resolved "https://registry.nlark.com/postcss/download/postcss-8.3.7.tgz?cache=0&sync_timestamp=1632290155487&other_urls=https%3A%2F%2Fregistry.nlark.com%2Fpostcss%2Fdownload%2Fpostcss-8.3.7.tgz#ec88563588c8da8e58e7226f7633b51ae221eeda"
  integrity sha1-7IhWNYjI2o5Y5yJvdjO1GuIh7to=
  dependencies:
    nanocolors "^0.1.5"
    nanoid "^3.1.25"
    source-map-js "^0.6.2"

resolve@^1.19.0:
  version "1.20.0"
  resolved "https://registry.nlark.com/resolve/download/resolve-1.20.0.tgz#629a013fb3f70755d6f0b7935cc1c2c5378b1975"
  integrity sha1-YpoBP7P3B1XW8LeTXMHCxTeLGXU=
  dependencies:
    is-core-module "^2.2.0"
    path-parse "^1.0.6"

rollup-plugin-vue@^6.0.0:
  version "6.0.0"
  resolved "https://registry.nlark.com/rollup-plugin-vue/download/rollup-plugin-vue-6.0.0.tgz#e379e93e5ae9a8648522f698be2e452e8672aaf2"
  integrity sha1-43npPlrpqGSFIvaYvi5FLoZyqvI=
  dependencies:
    debug "^4.1.1"
    hash-sum "^2.0.0"
    rollup-pluginutils "^2.8.2"

rollup-pluginutils@^2.8.2:
  version "2.8.2"
  resolved "https://registry.nlark.com/rollup-pluginutils/download/rollup-pluginutils-2.8.2.tgz#72f2af0748b592364dbd3389e600e5a9444a351e"
  integrity sha1-cvKvB0i1kjZNvTOJ5gDlqURKNR4=
  dependencies:
    estree-walker "^0.6.1"

rollup@^2.57.0:
  version "2.57.0"
  resolved "https://registry.nlark.com/rollup/download/rollup-2.57.0.tgz?cache=0&sync_timestamp=1632286474389&other_urls=https%3A%2F%2Fregistry.nlark.com%2Frollup%2Fdownload%2Frollup-2.57.0.tgz#c1694475eb22e1022477c0f4635fd0ac80713173"
  integrity sha1-wWlEdesi4QIkd8D0Y1/QrIBxMXM=
  optionalDependencies:
    fsevents "~2.3.2"

source-map-js@^0.6.2:
  version "0.6.2"
  resolved "https://registry.npm.taobao.org/source-map-js/download/source-map-js-0.6.2.tgz#0bb5de631b41cfbda6cfba8bd05a80efdfd2385e"
  integrity sha1-C7XeYxtBz72mz7qL0FqA79/SOF4=

source-map@^0.6.1:
  version "0.6.1"
  resolved "https://registry.npm.taobao.org/source-map/download/source-map-0.6.1.tgz#74722af32e9614e9c287a8d0bbde48b5e2f1a263"
  integrity sha1-dHIq8y6WFOnCh6jQu95IteLxomM=

sourcemap-codec@^1.4.4:
  version "1.4.8"
  resolved "https://registry.nlark.com/sourcemap-codec/download/sourcemap-codec-1.4.8.tgz#ea804bd94857402e6992d05a38ef1ae35a9ab4c4"
  integrity sha1-6oBL2UhXQC5pktBaOO8a41qatMQ=

sprintf-js@~1.0.2:
  version "1.0.3"
  resolved "https://registry.nlark.com/sprintf-js/download/sprintf-js-1.0.3.tgz#04e6926f662895354f3dd015203633b857297e2c"
  integrity sha1-BOaSb2YolTVPPdAVIDYzuFcpfiw=

uc.micro@^1.0.1, uc.micro@^1.0.5:
  version "1.0.6"
  resolved "https://registry.npm.taobao.org/uc.micro/download/uc.micro-1.0.6.tgz#9c411a802a409a91fc6cf74081baba34b24499ac"
  integrity sha1-nEEagCpAmpH8bPdAgbq6NLJEmaw=

webpack-chain@^4.9.0:
  version "4.12.1"
  resolved "https://registry.nlark.com/webpack-chain/download/webpack-chain-4.12.1.tgz#6c8439bbb2ab550952d60e1ea9319141906c02a6"
  integrity sha1-bIQ5u7KrVQlS1g4eqTGRQZBsAqY=
  dependencies:
    deepmerge "^1.5.2"
    javascript-stringify "^1.6.0"
