# THIS IS AN AUTOGENERATED FILE. DO NOT EDIT THIS FILE DIRECTLY.
# yarn lockfile v1


"@babel/parser@^7.15.0":
  version "7.15.7"
  resolved "https://registry.nlark.com/@babel/parser/download/@babel/parser-7.15.7.tgz#0c3ed4a2eb07b165dfa85b3cc45c727334c4edae"
  integrity sha1-DD7UousHsWXfqFs8xFxyczTE7a4=

"@vue/compiler-core@3.2.13":
  version "3.2.13"
  resolved "https://registry.nlark.com/@vue/compiler-core/download/@vue/compiler-core-3.2.13.tgz#901268088b98a53c43be0f02bfa0e3a389ad6bf4"
  integrity sha1-kBJoCIuYpTxDvg8Cv6Djo4mta/Q=
  dependencies:
    "@babel/parser" "^7.15.0"
    "@vue/shared" "3.2.13"
    estree-walker "^2.0.2"
    source-map "^0.6.1"

"@vue/compiler-dom@^3.0.2":
  version "3.2.13"
  resolved "https://registry.nlark.com/@vue/compiler-dom/download/@vue/compiler-dom-3.2.13.tgz#028982494fb9d97807d5275b42355732686f8ed7"
  integrity sha1-AomCSU+52XgH1SdbQjVXMmhvjtc=
  dependencies:
    "@vue/compiler-core" "3.2.13"
    "@vue/shared" "3.2.13"

"@vue/shared@3.2.13":
  version "3.2.13"
  resolved "https://registry.nlark.com/@vue/shared/download/@vue/shared-3.2.13.tgz?cache=0&sync_timestamp=1632249364187&other_urls=https%3A%2F%2Fregistry.nlark.com%2F%40vue%2Fshared%2Fdownload%2F%40vue%2Fshared-3.2.13.tgz#c830ef966d7af12598e0ea862a55695ea589cd47"
  integrity sha1-yDDvlm168SWY4OqGKlVpXqWJzUc=

argparse@^1.0.7:
  version "1.0.10"
  resolved "https://registry.nlark.com/argparse/download/argparse-1.0.10.tgz#bcd6791ea5ae09725e17e5ad988134cd40b3d911"
  integrity sha1-vNZ5HqWuCXJeF+WtmIE0zUCz2RE=
  dependencies:
    sprintf-js "~1.0.2"

deepmerge@^1.5.2:
  version "1.5.2"
  resolved "https://registry.nlark.com/deepmerge/download/deepmerge-1.5.2.tgz?cache=0&sync_timestamp=1622025358084&other_urls=https%3A%2F%2Fregistry.nlark.com%2Fdeepmerge%2Fdownload%2Fdeepmerge-1.5.2.tgz#10499d868844cdad4fee0842df8c7f6f0c95a753"
  integrity sha1-EEmdhohEza1P7ghC34x/bwyVp1M=

entities@~1.1.1:
  version "1.1.2"
  resolved "https://registry.nlark.com/entities/download/entities-1.1.2.tgz?cache=0&sync_timestamp=1628508126700&other_urls=https%3A%2F%2Fregistry.nlark.com%2Fentities%2Fdownload%2Fentities-1.1.2.tgz#bdfa735299664dfafd34529ed4f8522a275fea56"
  integrity sha1-vfpzUplmTfr9NFKe1PhSKidf6lY=

estree-walker@^2.0.2:
  version "2.0.2"
  resolved "https://registry.nlark.com/estree-walker/download/estree-walker-2.0.2.tgz#52f010178c2a4c117a7757cfe942adb7d2da4cac"
  integrity sha1-UvAQF4wqTBF6d1fP6UKtt9LaTKw=

highlight.js@^10.4.1:
  version "10.7.3"
  resolved "https://registry.nlark.com/highlight.js/download/highlight.js-10.7.3.tgz#697272e3991356e40c3cac566a74eef681756531"
  integrity sha1-aXJy45kTVuQMPKxWanTu9oF1ZTE=

javascript-stringify@^1.6.0:
  version "1.6.0"
  resolved "https://registry.nlark.com/javascript-stringify/download/javascript-stringify-1.6.0.tgz#142d111f3a6e3dae8f4a9afd77d45855b5a9cce3"
  integrity sha1-FC0RHzpuPa6PSpr9d9RYVbWpzOM=

linkify-it@^2.0.0:
  version "2.2.0"
  resolved "https://registry.nlark.com/linkify-it/download/linkify-it-2.2.0.tgz#e3b54697e78bf915c70a38acd78fd09e0058b1cf"
  integrity sha1-47VGl+eL+RXHCjis14/QngBYsc8=
  dependencies:
    uc.micro "^1.0.1"

markdown-it-anchor@^5.0.2:
  version "5.3.0"
  resolved "https://registry.nlark.com/markdown-it-anchor/download/markdown-it-anchor-5.3.0.tgz#d549acd64856a8ecd1bea58365ef385effbac744"
  integrity sha1-1Ums1khWqOzRvqWDZe84Xv+6x0Q=

markdown-it-chain@^1.3.0:
  version "1.3.0"
  resolved "https://registry.npm.taobao.org/markdown-it-chain/download/markdown-it-chain-1.3.0.tgz#ccf6fe86c10266bafb4e547380dfd7f277cc17bc"
  integrity sha1-zPb+hsECZrr7TlRzgN/X8nfMF7w=
  dependencies:
    webpack-chain "^4.9.0"

markdown-it-container@^2.0.0:
  version "2.0.0"
  resolved "https://registry.npm.taobao.org/markdown-it-container/download/markdown-it-container-2.0.0.tgz#0019b43fd02eefece2f1960a2895fba81a404695"
  integrity sha1-ABm0P9Au7+zi8ZYKKJX7qBpARpU=

markdown-it@^8.4.1:
  version "8.4.2"
  resolved "https://registry.nlark.com/markdown-it/download/markdown-it-8.4.2.tgz#386f98998dc15a37722aa7722084f4020bdd9b54"
  integrity sha1-OG+YmY3BWjdyKqdyIIT0Agvdm1Q=
  dependencies:
    argparse "^1.0.7"
    entities "~1.1.1"
    linkify-it "^2.0.0"
    mdurl "^1.0.1"
    uc.micro "^1.0.5"

mdurl@^1.0.1:
  version "1.0.1"
  resolved "https://registry.nlark.com/mdurl/download/mdurl-1.0.1.tgz#fe85b2ec75a59037f2adfec100fd6c601761152e"
  integrity sha1-/oWy7HWlkDfyrf7BAP1sYBdhFS4=

source-map@^0.6.1:
  version "0.6.1"
  resolved "https://registry.npm.taobao.org/source-map/download/source-map-0.6.1.tgz#74722af32e9614e9c287a8d0bbde48b5e2f1a263"
  integrity sha1-dHIq8y6WFOnCh6jQu95IteLxomM=

sprintf-js@~1.0.2:
  version "1.0.3"
  resolved "https://registry.nlark.com/sprintf-js/download/sprintf-js-1.0.3.tgz#04e6926f662895354f3dd015203633b857297e2c"
  integrity sha1-BOaSb2YolTVPPdAVIDYzuFcpfiw=

uc.micro@^1.0.1, uc.micro@^1.0.5:
  version "1.0.6"
  resolved "https://registry.npm.taobao.org/uc.micro/download/uc.micro-1.0.6.tgz#9c411a802a409a91fc6cf74081baba34b24499ac"
  integrity sha1-nEEagCpAmpH8bPdAgbq6NLJEmaw=

webpack-chain@^4.9.0:
  version "4.12.1"
  resolved "https://registry.nlark.com/webpack-chain/download/webpack-chain-4.12.1.tgz#6c8439bbb2ab550952d60e1ea9319141906c02a6"
  integrity sha1-bIQ5u7KrVQlS1g4eqTGRQZBsAqY=
  dependencies:
    deepmerge "^1.5.2"
    javascript-stringify "^1.6.0"
